{
  "name": "richpartners-telegram-sdk",
  "version": "1.0.0",
  "lockfileVersion": 3,
  "requires": true,
  "packages": {
    "": {
      "name": "richpartners-telegram-sdk",
      "version": "1.0.0",
      "license": "MIT",
      "dependencies": {
        "@telegram-apps/sdk": "^3.0.0",
        "crypto-js": "^4.1.1",
        "tslib": "^2.8.1"
      },
      "devDependencies": {
        "open": "^10.1.0",
        "typescript": "^5.0.0"
      }
    },
    "node_modules/@telegram-apps/bridge": {
      "version": "2.3.2",
      "resolved": "https://registry.npmjs.org/@telegram-apps/bridge/-/bridge-2.3.2.tgz",
      "integrity": "sha512-HsDaQXwuVR36R0aBBxBG9jemuICI2aWN5CNjdelgafep9uKIuIkmJajfW51YTarxshzxvtz6lnaijvOioE1Esw==",
      "dependencies": {
        "@telegram-apps/signals": "^1.1.1",
        "@telegram-apps/toolkit": "^2.0.0",
        "@telegram-apps/transformers": "^2.1.0",
        "@telegram-apps/types": "^2.0.0",
        "better-promises": "^0.4.0",
        "error-kid": "^0.0.4",
        "mitt": "^3.0.1",
        "valibot": "1.0.0-beta.14"
      }
    },
    "node_modules/@telegram-apps/navigation": {
      "version": "1.0.13",
      "resolved": "https://registry.npmjs.org/@telegram-apps/navigation/-/navigation-1.0.13.tgz",
      "integrity": "sha512-TsUueB5LQp77GQHoMa93nq26Uw7GJjrFCPbyseMVU7aBBxAc+8CV2IYytRwcVp5sv/q7ThK5X4JaKn2V1yBHDQ==",
      "dependencies": {
        "@telegram-apps/bridge": "^1.9.2",
        "@telegram-apps/signals": "^1.1.1",
        "@telegram-apps/toolkit": "^1.1.1"
      }
    },
    "node_modules/@telegram-apps/navigation/node_modules/@telegram-apps/bridge": {
      "version": "1.9.2",
      "resolved": "https://registry.npmjs.org/@telegram-apps/bridge/-/bridge-1.9.2.tgz",
      "integrity": "sha512-SJLcNWLXhbbZr9MiqFH/g2ceuitSJKMxUIZysK4zUNyTUNuonrQG80Q/yrO+XiNbKUj8WdDNM86NBARhuyyinQ==",
      "dependencies": {
        "@telegram-apps/signals": "^1.1.1",
        "@telegram-apps/toolkit": "^1.1.1",
        "@telegram-apps/transformers": "^1.2.2",
        "@telegram-apps/types": "^1.2.1"
      }
    },
    "node_modules/@telegram-apps/navigation/node_modules/@telegram-apps/toolkit": {
      "version": "1.1.1",
      "resolved": "https://registry.npmjs.org/@telegram-apps/toolkit/-/toolkit-1.1.1.tgz",
      "integrity": "sha512-+vhKx6ngfvjyTE6Xagl3z1TPVbfx5s7xAkcYzCdHYUo6T60jLIqLgyZMcI1UPoIAMuMu1pHoO+p8QNCj/+tFmw=="
    },
    "node_modules/@telegram-apps/navigation/node_modules/@telegram-apps/transformers": {
      "version": "1.2.2",
      "resolved": "https://registry.npmjs.org/@telegram-apps/transformers/-/transformers-1.2.2.tgz",
      "integrity": "sha512-vvMwXckd1D7Ozc0h66PSUwF5QLrRV9HlGJFFeBuUex8QEk5mSPtsJkLiqB8aBbwuFDa91+TUSM/CxqPZO/e9YQ==",
      "dependencies": {
        "@telegram-apps/toolkit": "^1.1.1",
        "@telegram-apps/types": "^1.2.1"
      }
    },
    "node_modules/@telegram-apps/navigation/node_modules/@telegram-apps/types": {
      "version": "1.2.1",
      "resolved": "https://registry.npmjs.org/@telegram-apps/types/-/types-1.2.1.tgz",
      "integrity": "sha512-so4HLh7clur0YyMthi9KVIgWoGpZdXlFOuQjk3+Q5NAvJZ11nAheBSwPlGw/Ko92+zwvrSBE/lQyN2+p17RP+w=="
    },
    "node_modules/@telegram-apps/sdk": {
      "version": "3.5.0",
      "resolved": "https://registry.npmjs.org/@telegram-apps/sdk/-/sdk-3.5.0.tgz",
      "integrity": "sha512-4zg1ZZ6C7GMFfid0LA/IM3Y8ydZnWnmJd51fUJ6vJFNCEaTNlK3TZg20ZZdQy8gGcynhNui0n/GEKABz/mDRQA==",
      "dependencies": {
        "@telegram-apps/bridge": "^2.3.2",
        "@telegram-apps/navigation": "^1.0.13",
        "@telegram-apps/signals": "^1.1.1",
        "@telegram-apps/toolkit": "^2.0.0",
        "@telegram-apps/transformers": "^2.1.0",
        "@telegram-apps/types": "^2.0.0",
        "better-promises": "^0.4.0",
        "error-kid": "^0.0.4",
        "valibot": "1.0.0-beta.14"
      }
    },
    "node_modules/@telegram-apps/signals": {
      "version": "1.1.1",
      "resolved": "https://registry.npmjs.org/@telegram-apps/signals/-/signals-1.1.1.tgz",
      "integrity": "sha512-vz37r8lemGpPzDiBRfqpXYBynzmy3SFnY6zfHsTZABTYYt0b0WQZyU5mFDqqqugGhka78Gy11xmr9csgy4YgGA=="
    },
    "node_modules/@telegram-apps/toolkit": {
      "version": "2.0.0",
      "resolved": "https://registry.npmjs.org/@telegram-apps/toolkit/-/toolkit-2.0.0.tgz",
      "integrity": "sha512-1GKTLBNme1Phu/gFvgS9NWPq+LhPfzSIfnwhcF9I/6tCdufrLRcVaSMRiK9R4VDYD6iZUyj+a2l250qWAxxjQQ=="
    },
    "node_modules/@telegram-apps/transformers": {
      "version": "2.1.0",
      "resolved": "https://registry.npmjs.org/@telegram-apps/transformers/-/transformers-2.1.0.tgz",
      "integrity": "sha512-O66Ek/Imt+T22KAgDuZqKxbuJzqEbKr6ojWmpYFwCeX1JauS/+76tC5IGOPEaFAMukwGKgcht+QbMcjYUOisow==",
      "dependencies": {
        "@telegram-apps/toolkit": "^2.0.0",
        "@telegram-apps/types": "^2.0.0",
        "valibot": "1.0.0-beta.14"
      }
    },
    "node_modules/@telegram-apps/types": {
      "version": "2.0.0",
      "resolved": "https://registry.npmjs.org/@telegram-apps/types/-/types-2.0.0.tgz",
      "integrity": "sha512-yF499FJK82a2IDNDAQdrmVH3sgFZl/QFNdVZKgWpgtunIVJ1fres5wi9+4aUBRVIdQwZOZZqB/AOvYYuYXsq3Q=="
    },
    "node_modules/better-promises": {
      "version": "0.4.0",
      "resolved": "https://registry.npmjs.org/better-promises/-/better-promises-0.4.0.tgz",
      "integrity": "sha512-AcKkTUSd4o1vMf41eBbHW1NkY7vrXeNI6etitGdQE54WFXsF2wkfonrKA06Za7lViRNyT/cMvj5z+DScqhYW8A==",
      "dependencies": {
        "error-kid": "^0.0.4"
      }
    },
    "node_modules/bundle-name": {
      "version": "4.1.0",
      "dev": true,
      "license": "MIT",
      "dependencies": {
        "run-applescript": "^7.0.0"
      },
      "engines": {
        "node": ">=18"
      },
      "funding": {
        "url": "https://github.com/sponsors/sindresorhus"
      }
    },
    "node_modules/crypto-js": {
      "version": "4.2.0",
      "license": "MIT"
    },
    "node_modules/default-browser": {
      "version": "5.2.1",
      "dev": true,
      "license": "MIT",
      "dependencies": {
        "bundle-name": "^4.1.0",
        "default-browser-id": "^5.0.0"
      },
      "engines": {
        "node": ">=18"
      },
      "funding": {
        "url": "https://github.com/sponsors/sindresorhus"
      }
    },
    "node_modules/default-browser-id": {
      "version": "5.0.0",
      "dev": true,
      "license": "MIT",
      "engines": {
        "node": ">=18"
      },
      "funding": {
        "url": "https://github.com/sponsors/sindresorhus"
      }
    },
    "node_modules/define-lazy-prop": {
      "version": "3.0.0",
      "dev": true,
      "license": "MIT",
      "engines": {
        "node": ">=12"
      },
      "funding": {
        "url": "https://github.com/sponsors/sindresorhus"
      }
    },
    "node_modules/error-kid": {
      "version": "0.0.4",
      "resolved": "https://registry.npmjs.org/error-kid/-/error-kid-0.0.4.tgz",
      "integrity": "sha512-x+yQhY56SorLMnX6kOf+z3JCv2QBurcWEDcIjgxYtVr4fGeCfAtOdZOCyWttkHHDFPtL2PqnaRUmphbmALJd9w=="
    },
    "node_modules/is-docker": {
      "version": "3.0.0",
      "dev": true,
      "license": "MIT",
      "bin": {
        "is-docker": "cli.js"
      },
      "engines": {
        "node": "^12.20.0 || ^14.13.1 || >=16.0.0"
      },
      "funding": {
        "url": "https://github.com/sponsors/sindresorhus"
      }
    },
    "node_modules/is-inside-container": {
      "version": "1.0.0",
      "dev": true,
      "license": "MIT",
      "dependencies": {
        "is-docker": "^3.0.0"
      },
      "bin": {
        "is-inside-container": "cli.js"
      },
      "engines": {
        "node": ">=14.16"
      },
      "funding": {
        "url": "https://github.com/sponsors/sindresorhus"
      }
    },
    "node_modules/is-wsl": {
      "version": "3.1.0",
      "dev": true,
      "license": "MIT",
      "dependencies": {
        "is-inside-container": "^1.0.0"
      },
      "engines": {
        "node": ">=16"
      },
      "funding": {
        "url": "https://github.com/sponsors/sindresorhus"
      }
    },
    "node_modules/mitt": {
      "version": "3.0.1",
      "resolved": "https://registry.npmjs.org/mitt/-/mitt-3.0.1.tgz",
      "integrity": "sha512-vKivATfr97l2/QBCYAkXYDbrIWPM2IIKEl7YPhjCvKlG3kE2gm+uBo6nEXK3M5/Ffh/FLpKExzOQ3JJoJGFKBw=="
    },
    "node_modules/open": {
      "version": "10.1.0",
      "dev": true,
      "license": "MIT",
      "dependencies": {
        "default-browser": "^5.2.1",
        "define-lazy-prop": "^3.0.0",
        "is-inside-container": "^1.0.0",
        "is-wsl": "^3.1.0"
      },
      "engines": {
        "node": ">=18"
      },
      "funding": {
        "url": "https://github.com/sponsors/sindresorhus"
      }
    },
    "node_modules/run-applescript": {
      "version": "7.0.0",
      "dev": true,
      "license": "MIT",
      "engines": {
        "node": ">=18"
      },
      "funding": {
        "url": "https://github.com/sponsors/sindresorhus"
      }
    },
    "node_modules/tslib": {
      "version": "2.8.1",
      "license": "0BSD"
    },
    "node_modules/typescript": {
      "version": "5.7.3",
      "devOptional": true,
      "license": "Apache-2.0",
      "bin": {
        "tsc": "bin/tsc",
        "tsserver": "bin/tsserver"
      },
      "engines": {
        "node": ">=14.17"
      }
    },
    "node_modules/valibot": {
      "version": "1.0.0-beta.14",
      "resolved": "https://registry.npmjs.org/valibot/-/valibot-1.0.0-beta.14.tgz",
      "integrity": "sha512-tLyV2rE5QL6U29MFy3xt4AqMrn+/HErcp2ZThASnQvPMwfSozjV1uBGKIGiegtZIGjinJqn0SlBdannf18wENA==",
      "peerDependencies": {
        "typescript": ">=5"
      },
      "peerDependenciesMeta": {
        "typescript": {
          "optional": true
        }
      }
    }
  }
}
